
Microsoft Visual Studio Solution File, Format Version 12.00
# Visual Studio Version 17
VisualStudioVersion = 17.9.34607.119
MinimumVisualStudioVersion = 10.0.40219.1
Project("{9A19103F-16F7-4668-BE54-9A1E7A4F7556}") = "bluegaze", "bluegaze\bluegaze.csproj", "{87E39C48-AF5B-4AAC-9FE8-0048ABF1D84E}"
EndProject
Global
	GlobalSection(SolutionConfigurationPlatforms) = preSolution
		Debug|Any CPU = Debug|Any CPU
		Release|Any CPU = Release|Any CPU
	EndGlobalSection
	GlobalSection(ProjectConfigurationPlatforms) = postSolution
		{87E39C48-AF5B-4AAC-9FE8-0048ABF1D84E}.Debug|Any CPU.ActiveCfg = Debug|Any CPU
		{87E39C48-AF5B-4AAC-9FE8-0048ABF1D84E}.Debug|Any CPU.Build.0 = Debug|Any CPU
		{87E39C48-AF5B-4AAC-9FE8-0048ABF1D84E}.Release|Any CPU.ActiveCfg = Release|Any CPU
		{87E39C48-AF5B-4AAC-9FE8-0048ABF1D84E}.Release|Any CPU.Build.0 = Release|Any CPU
	EndGlobalSection
	GlobalSection(SolutionProperties) = preSolution
		HideSolutionNode = FALSE
	EndGlobalSection
	GlobalSection(ExtensibilityGlobals) = postSolution
		SolutionGuid = {060C2047-ECFF-4126-90C4-D7C0791A2535}
	EndGlobalSection
EndGlobal
